// !$*UTF8*$!
{
	archiveVersion = 1;
	classes = {
	};
	objectVersion = 55;
	objects = {

/* Begin PBXBuildFile section */
		524DF0C227B8DFEF009B05A6 /* Learn_swiftApp.swift in Sources */ = {isa = PBXBuildFile; fileRef = 524DF0C127B8DFEF009B05A6 /* Learn_swiftApp.swift */; };
		524DF0C427B8DFEF009B05A6 /* ContentView.swift in Sources */ = {isa = PBXBuildFile; fileRef = 524DF0C327B8DFEF009B05A6 /* ContentView.swift */; };
		524DF0C627B8DFF1009B05A6 /* Assets.xcassets in Resources */ = {isa = PBXBuildFile; fileRef = 524DF0C527B8DFF1009B05A6 /* Assets.xcassets */; };
		524DF0C927B8DFF1009B05A6 /* Preview Assets.xcassets in Resources */ = {isa = PBXBuildFile; fileRef = 524DF0C827B8DFF1009B05A6 /* Preview Assets.xcassets */; };
		524DF0EF27B8E768009B05A6 /* MyNextView.swift in Sources */ = {isa = PBXBuildFile; fileRef = 524DF0EE27B8E768009B05A6 /* MyNextView.swift */; };
		524DF0F127B8E76F009B05A6 /* MyVstackView.swift in Sources */ = {isa = PBXBuildFile; fileRef = 524DF0F027B8E76F009B05A6 /* MyVstackView.swift */; };
/* End PBXBuildFile section */

/* Begin PBXContainerItemProxy section */
		524DF0CF27B8DFF2009B05A6 /* PBXContainerItemProxy */ = {
			isa = PBXContainerItemProxy;
			containerPortal = 524DF0B627B8DFEF009B05A6 /* Project object */;
			proxyType = 1;
			remoteGlobalIDString = 524DF0BD27B8DFEF009B05A6;
			remoteInfo = Learn_swift;
		};
		524DF0D927B8DFF2009B05A6 /* PBXContainerItemProxy */ = {
			isa = PBXContainerItemProxy;
			containerPortal = 524DF0B627B8DFEF009B05A6 /* Project object */;
			proxyType = 1;
			remoteGlobalIDString = 524DF0BD27B8DFEF009B05A6;
			remoteInfo = Learn_swift;
		};
/* End PBXContainerItemProxy section */

/* Begin PBXFileReference section */
		520BE00427B97C09003F92FF /* #2_dataType.playground */ = {isa = PBXFileReference; lastKnownFileType = file.playground; path = "#2_dataType.playground"; sourceTree = "<group>"; xcLanguageSpecificationIdentifier = xcode.lang.swift; };
		524DF0BE27B8DFEF009B05A6 /* Learn_swift.app */ = {isa = PBXFileReference; explicitFileType = wrapper.application; includeInIndex = 0; path = Learn_swift.app; sourceTree = BUILT_PRODUCTS_DIR; };
		524DF0C127B8DFEF009B05A6 /* Learn_swiftApp.swift */ = {isa = PBXFileReference; lastKnownFileType = sourcecode.swift; path = Learn_swiftApp.swift; sourceTree = "<group>"; };
		524DF0C327B8DFEF009B05A6 /* ContentView.swift */ = {isa = PBXFileReference; lastKnownFileType = sourcecode.swift; path = ContentView.swift; sourceTree = "<group>"; };
		524DF0C527B8DFF1009B05A6 /* Assets.xcassets */ = {isa = PBXFileReference; lastKnownFileType = folder.assetcatalog; path = Assets.xcassets; sourceTree = "<group>"; };
		524DF0C827B8DFF1009B05A6 /* Preview Assets.xcassets */ = {isa = PBXFileReference; lastKnownFileType = folder.assetcatalog; path = "Preview Assets.xcassets"; sourceTree = "<group>"; };
		524DF0CE27B8DFF2009B05A6 /* Learn_swiftTests.xctest */ = {isa = PBXFileReference; explicitFileType = wrapper.cfbundle; includeInIndex = 0; path = Learn_swiftTests.xctest; sourceTree = BUILT_PRODUCTS_DIR; };
		524DF0D827B8DFF2009B05A6 /* Learn_swiftUITests.xctest */ = {isa = PBXFileReference; explicitFileType = wrapper.cfbundle; includeInIndex = 0; path = Learn_swiftUITests.xctest; sourceTree = BUILT_PRODUCTS_DIR; };
		524DF0ED27B8E0E4009B05A6 /* #1_var_let.playground */ = {isa = PBXFileReference; lastKnownFileType = file.playground; path = "#1_var_let.playground"; sourceTree = "<group>"; xcLanguageSpecificationIdentifier = xcode.lang.swift; };
		524DF0EE27B8E768009B05A6 /* MyNextView.swift */ = {isa = PBXFileReference; fileEncoding = 4; lastKnownFileType = sourcecode.swift; name = MyNextView.swift; path = "../../SwiftUI#1/SwiftUI#1/MyNextView.swift"; sourceTree = "<group>"; };
		524DF0F027B8E76F009B05A6 /* MyVstackView.swift */ = {isa = PBXFileReference; fileEncoding = 4; lastKnownFileType = sourcecode.swift; name = MyVstackView.swift; path = "../../SwiftUI#1/SwiftUI#1/MyVstackView.swift"; sourceTree = "<group>"; };
/* End PBXFileReference section */

/* Begin PBXFrameworksBuildPhase section */
		524DF0BB27B8DFEF009B05A6 /* Frameworks */ = {
			isa = PBXFrameworksBuildPhase;
			buildActionMask = 2147483647;
			files = (
			);
			runOnlyForDeploymentPostprocessing = 0;
		};
		524DF0CB27B8DFF2009B05A6 /* Frameworks */ = {
			isa = PBXFrameworksBuildPhase;
			buildActionMask = 2147483647;
			files = (
			);
			runOnlyForDeploymentPostprocessing = 0;
		};
		524DF0D527B8DFF2009B05A6 /* Frameworks */ = {
			isa = PBXFrameworksBuildPhase;
			buildActionMask = 2147483647;
			files = (
			);
			runOnlyForDeploymentPostprocessing = 0;
		};
/* End PBXFrameworksBuildPhase section */

/* Begin PBXGroup section */
		524DF0B527B8DFEF009B05A6 = {
			isa = PBXGroup;
			children = (
				524DF0C027B8DFEF009B05A6 /* Learn_swift */,
				524DF0BF27B8DFEF009B05A6 /* Products */,
			);
			sourceTree = "<group>";
		};
		524DF0BF27B8DFEF009B05A6 /* Products */ = {
			isa = PBXGroup;
			children = (
				524DF0BE27B8DFEF009B05A6 /* Learn_swift.app */,
				524DF0CE27B8DFF2009B05A6 /* Learn_swiftTests.xctest */,
				524DF0D827B8DFF2009B05A6 /* Learn_swiftUITests.xctest */,
			);
			name = Products;
			sourceTree = "<group>";
		};
		524DF0C027B8DFEF009B05A6 /* Learn_swift */ = {
			isa = PBXGroup;
			children = (
				524DF0C127B8DFEF009B05A6 /* Learn_swiftApp.swift */,
				524DF0F027B8E76F009B05A6 /* MyVstackView.swift */,
				524DF0EE27B8E768009B05A6 /* MyNextView.swift */,
				524DF0C327B8DFEF009B05A6 /* ContentView.swift */,
				524DF0ED27B8E0E4009B05A6 /* #1_var_let.playground */,
				524DF0C527B8DFF1009B05A6 /* Assets.xcassets */,
				524DF0C727B8DFF1009B05A6 /* Preview Content */,
				520BE00427B97C09003F92FF /* #2_dataType.playground */,
			);
			path = Learn_swift;
			sourceTree = "<group>";
		};
		524DF0C727B8DFF1009B05A6 /* Preview Content */ = {
			isa = PBXGroup;
			children = (
				524DF0C827B8DFF1009B05A6 /* Preview Assets.xcassets */,
			);
			path = "Preview Content";
			sourceTree = "<group>";
		};
/* End PBXGroup section */

/* Begin PBXNativeTarget section */
		524DF0BD27B8DFEF009B05A6 /* Learn_swift */ = {
			isa = PBXNativeTarget;
			buildConfigurationList = 524DF0E227B8DFF2009B05A6 /* Build configuration list for PBXNativeTarget "Learn_swift" */;
			buildPhases = (
				524DF0BA27B8DFEF009B05A6 /* Sources */,
				524DF0BB27B8DFEF009B05A6 /* Frameworks */,
				524DF0BC27B8DFEF009B05A6 /* Resources */,
			);
			buildRules = (
			);
			dependencies = (
			);
			name = Learn_swift;
			productName = Learn_swift;
			productReference = 524DF0BE27B8DFEF009B05A6 /* Learn_swift.app */;
			productType = "com.apple.product-type.application";
		};
		524DF0CD27B8DFF2009B05A6 /* Learn_swiftTests */ = {
			isa = PBXNativeTarget;
			buildConfigurationList = 524DF0E527B8DFF2009B05A6 /* Build configuration list for PBXNativeTarget "Learn_swiftTests" */;
			buildPhases = (
				524DF0CA27B8DFF2009B05A6 /* Sources */,
				524DF0CB27B8DFF2009B05A6 /* Frameworks */,
				524DF0CC27B8DFF2009B05A6 /* Resources */,
			);
			buildRules = (
			);
			dependencies = (
				524DF0D027B8DFF2009B05A6 /* PBXTargetDependency */,
			);
			name = Learn_swiftTests;
			productName = Learn_swiftTests;
			productReference = 524DF0CE27B8DFF2009B05A6 /* Learn_swiftTests.xctest */;
			productType = "com.apple.product-type.bundle.unit-test";
		};
		524DF0D727B8DFF2009B05A6 /* Learn_swiftUITests */ = {
			isa = PBXNativeTarget;
			buildConfigurationList = 524DF0E827B8DFF2009B05A6 /* Build configuration list for PBXNativeTarget "Learn_swiftUITests" */;
			buildPhases = (
				524DF0D427B8DFF2009B05A6 /* Sources */,
				524DF0D527B8DFF2009B05A6 /* Frameworks */,
				524DF0D627B8DFF2009B05A6 /* Resources */,
			);
			buildRules = (
			);
			dependencies = (
				524DF0DA27B8DFF2009B05A6 /* PBXTargetDependency */,
			);
			name = Learn_swiftUITests;
			productName = Learn_swiftUITests;
			productReference = 524DF0D827B8DFF2009B05A6 /* Learn_swiftUITests.xctest */;
			productType = "com.apple.product-type.bundle.ui-testing";
		};
/* End PBXNativeTarget section */

/* Begin PBXProject section */
		524DF0B627B8DFEF009B05A6 /* Project object */ = {
			isa = PBXProject;
			attributes = {
				BuildIndependentTargetsInParallel = 1;
				LastSwiftUpdateCheck = 1320;
				LastUpgradeCheck = 1320;
				TargetAttributes = {
					524DF0BD27B8DFEF009B05A6 = {
						CreatedOnToolsVersion = 13.2.1;
					};
					524DF0CD27B8DFF2009B05A6 = {
						CreatedOnToolsVersion = 13.2.1;
						TestTargetID = 524DF0BD27B8DFEF009B05A6;
					};
					524DF0D727B8DFF2009B05A6 = {
						CreatedOnToolsVersion = 13.2.1;
						TestTargetID = 524DF0BD27B8DFEF009B05A6;
					};
				};
			};
			buildConfigurationList = 524DF0B927B8DFEF009B05A6 /* Build configuration list for PBXProject "Learn_swift" */;
			compatibilityVersion = "Xcode 13.0";
			developmentRegion = en;
			hasScannedForEncodings = 0;
			knownRegions = (
				en,
				Base,
			);
			mainGroup = 524DF0B527B8DFEF009B05A6;
			productRefGroup = 524DF0BF27B8DFEF009B05A6 /* Products */;
			projectDirPath = "";
			projectRoot = "";
			targets = (
				524DF0BD27B8DFEF009B05A6 /* Learn_swift */,
				524DF0CD27B8DFF2009B05A6 /* Learn_swiftTests */,
				524DF0D727B8DFF2009B05A6 /* Learn_swiftUITests */,
			);
		};
/* End PBXProject section */

/* Begin PBXResourcesBuildPhase section */
		524DF0BC27B8DFEF009B05A6 /* Resources */ = {
			isa = PBXResourcesBuildPhase;
			buildActionMask = 2147483647;
			files = (
				524DF0C927B8DFF1009B05A6 /* Preview Assets.xcassets in Resources */,
				524DF0C627B8DFF1009B05A6 /* Assets.xcassets in Resources */,
			);
			runOnlyForDeploymentPostprocessing = 0;
		};
		524DF0CC27B8DFF2009B05A6 /* Resources */ = {
			isa = PBXResourcesBuildPhase;
			buildActionMask = 2147483647;
			files = (
			);
			runOnlyForDeploymentPostprocessing = 0;
		};
		524DF0D627B8DFF2009B05A6 /* Resources */ = {
			isa = PBXResourcesBuildPhase;
			buildActionMask = 2147483647;
			files = (
			);
			runOnlyForDeploymentPostprocessing = 0;
		};
/* End PBXResourcesBuildPhase section */

/* Begin PBXSourcesBuildPhase section */
		524DF0BA27B8DFEF009B05A6 /* Sources */ = {
			isa = PBXSourcesBuildPhase;
			buildActionMask = 2147483647;
			files = (
				524DF0C427B8DFEF009B05A6 /* ContentView.swift in Sources */,
				524DF0C227B8DFEF009B05A6 /* Learn_swiftApp.swift in Sources */,
				524DF0F127B8E76F009B05A6 /* MyVstackView.swift in Sources */,
				524DF0EF27B8E768009B05A6 /* MyNextView.swift in Sources */,
			);
			runOnlyForDeploymentPostprocessing = 0;
		};
		524DF0CA27B8DFF2009B05A6 /* Sources */ = {
			isa = PBXSourcesBuildPhase;
			buildActionMask = 2147483647;
			files = (
			);
			runOnlyForDeploymentPostprocessing = 0;
		};
		524DF0D427B8DFF2009B05A6 /* Sources */ = {
			isa = PBXSourcesBuildPhase;
			buildActionMask = 2147483647;
			files = (
			);
			runOnlyForDeploymentPostprocessing = 0;
		};
/* End PBXSourcesBuildPhase section */

/* Begin PBXTargetDependency section */
		524DF0D027B8DFF2009B05A6 /* PBXTargetDependency */ = {
			isa = PBXTargetDependency;
			target = 524DF0BD27B8DFEF009B05A6 /* Learn_swift */;
			targetProxy = 524DF0CF27B8DFF2009B05A6 /* PBXContainerItemProxy */;
		};
		524DF0DA27B8DFF2009B05A6 /* PBXTargetDependency */ = {
			isa = PBXTargetDependency;
			target = 524DF0BD27B8DFEF009B05A6 /* Learn_swift */;
			targetProxy = 524DF0D927B8DFF2009B05A6 /* PBXContainerItemProxy */;
		};
/* End PBXTargetDependency section */

/* Begin XCBuildConfiguration section */
		524DF0E027B8DFF2009B05A6 /* Debug */ = {
			isa = XCBuildConfiguration;
			buildSettings = {
				ALWAYS_SEARCH_USER_PATHS = NO;
				CLANG_ANALYZER_NONNULL = YES;
				CLANG_ANALYZER_NUMBER_OBJECT_CONVERSION = YES_AGGRESSIVE;
				CLANG_CXX_LANGUAGE_STANDARD = "gnu++17";
				CLANG_CXX_LIBRARY = "libc++";
				CLANG_ENABLE_MODULES = YES;
				CLANG_ENABLE_OBJC_ARC = YES;
				CLANG_ENABLE_OBJC_WEAK = YES;
				CLANG_WARN_BLOCK_CAPTURE_AUTORELEASING = YES;
				CLANG_WARN_BOOL_CONVERSION = YES;
				CLANG_WARN_COMMA = YES;
				CLANG_WARN_CONSTANT_CONVERSION = YES;
				CLANG_WARN_DEPRECATED_OBJC_IMPLEMENTATIONS = YES;
				CLANG_WARN_DIRECT_OBJC_ISA_USAGE = YES_ERROR;
				CLANG_WARN_DOCUMENTATION_COMMENTS = YES;
				CLANG_WARN_EMPTY_BODY = YES;
				CLANG_WARN_ENUM_CONVERSION = YES;
				CLANG_WARN_INFINITE_RECURSION = YES;
				CLANG_WARN_INT_CONVERSION = YES;
				CLANG_WARN_NON_LITERAL_NULL_CONVERSION = YES;
				CLANG_WARN_OBJC_IMPLICIT_RETAIN_SELF = YES;
				CLANG_WARN_OBJC_LITERAL_CONVERSION = YES;
				CLANG_WARN_OBJC_ROOT_CLASS = YES_ERROR;
				CLANG_WARN_QUOTED_INCLUDE_IN_FRAMEWORK_HEADER = YES;
				CLANG_WARN_RANGE_LOOP_ANALYSIS = YES;
				CLANG_WARN_STRICT_PROTOTYPES = YES;
				CLANG_WARN_SUSPICIOUS_MOVE = YES;
				CLANG_WARN_UNGUARDED_AVAILABILITY = YES_AGGRESSIVE;
				CLANG_WARN_UNREACHABLE_CODE = YES;
				CLANG_WARN__DUPLICATE_METHOD_MATCH = YES;
				COPY_PHASE_STRIP = NO;
				DEBUG_INFORMATION_FORMAT = dwarf;
				ENABLE_STRICT_OBJC_MSGSEND = YES;
				ENABLE_TESTABILITY = YES;
				GCC_C_LANGUAGE_STANDARD = gnu11;
				GCC_DYNAMIC_NO_PIC = NO;
				GCC_NO_COMMON_BLOCKS = YES;
				GCC_OPTIMIZATION_LEVEL = 0;
				GCC_PREPROCESSOR_DEFINITIONS = (
					"DEBUG=1",
					"$(inherited)",
				);
				GCC_WARN_64_TO_32_BIT_CONVERSION = YES;
				GCC_WARN_ABOUT_RETURN_TYPE = YES_ERROR;
				GCC_WARN_UNDECLARED_SELECTOR = YES;
				GCC_WARN_UNINITIALIZED_AUTOS = YES_AGGRESSIVE;
				GCC_WARN_UNUSED_FUNCTION = YES;
				GCC_WARN_UNUSED_VARIABLE = YES;
				IPHONEOS_DEPLOYMENT_TARGET = 15.2;
				MTL_ENABLE_DEBUG_INFO = INCLUDE_SOURCE;
				MTL_FAST_MATH = YES;
				ONLY_ACTIVE_ARCH = YES;
				SDKROOT = iphoneos;
				SWIFT_ACTIVE_COMPILATION_CONDITIONS = DEBUG;
				SWIFT_OPTIMIZATION_LEVEL = "-Onone";
			};
			name = Debug;
		};
		524DF0E127B8DFF2009B05A6 /* Release */ = {
			isa = XCBuildConfiguration;
			buildSettings = {
				ALWAYS_SEARCH_USER_PATHS = NO;
				CLANG_ANALYZER_NONNULL = YES;
				CLANG_ANALYZER_NUMBER_OBJECT_CONVERSION = YES_AGGRESSIVE;
				CLANG_CXX_LANGUAGE_STANDARD = "gnu++17";
				CLANG_CXX_LIBRARY = "libc++";
				CLANG_ENABLE_MODULES = YES;
				CLANG_ENABLE_OBJC_ARC = YES;
				CLANG_ENABLE_OBJC_WEAK = YES;
				CLANG_WARN_BLOCK_CAPTURE_AUTORELEASING = YES;
				CLANG_WARN_BOOL_CONVERSION = YES;
				CLANG_WARN_COMMA = YES;
				CLANG_WARN_CONSTANT_CONVERSION = YES;
				CLANG_WARN_DEPRECATED_OBJC_IMPLEMENTATIONS = YES;
				CLANG_WARN_DIRECT_OBJC_ISA_USAGE = YES_ERROR;
				CLANG_WARN_DOCUMENTATION_COMMENTS = YES;
				CLANG_WARN_EMPTY_BODY = YES;
				CLANG_WARN_ENUM_CONVERSION = YES;
				CLANG_WARN_INFINITE_RECURSION = YES;
				CLANG_WARN_INT_CONVERSION = YES;
				CLANG_WARN_NON_LITERAL_NULL_CONVERSION = YES;
				CLANG_WARN_OBJC_IMPLICIT_RETAIN_SELF = YES;
				CLANG_WARN_OBJC_LITERAL_CONVERSION = YES;
				CLANG_WARN_OBJC_ROOT_CLASS = YES_ERROR;
				CLANG_WARN_QUOTED_INCLUDE_IN_FRAMEWORK_HEADER = YES;
				CLANG_WARN_RANGE_LOOP_ANALYSIS = YES;
				CLANG_WARN_STRICT_PROTOTYPES = YES;
				CLANG_WARN_SUSPICIOUS_MOVE = YES;
				CLANG_WARN_UNGUARDED_AVAILABILITY = YES_AGGRESSIVE;
				CLANG_WARN_UNREACHABLE_CODE = YES;
				CLANG_WARN__DUPLICATE_METHOD_MATCH = YES;
				COPY_PHASE_STRIP = NO;
				DEBUG_INFORMATION_FORMAT = "dwarf-with-dsym";
				ENABLE_NS_ASSERTIONS = NO;
				ENABLE_STRICT_OBJC_MSGSEND = YES;
				GCC_C_LANGUAGE_STANDARD = gnu11;
				GCC_NO_COMMON_BLOCKS = YES;
				GCC_WARN_64_TO_32_BIT_CONVERSION = YES;
				GCC_WARN_ABOUT_RETURN_TYPE = YES_ERROR;
				GCC_WARN_UNDECLARED_SELECTOR = YES;
				GCC_WARN_UNINITIALIZED_AUTOS = YES_AGGRESSIVE;
				GCC_WARN_UNUSED_FUNCTION = YES;
				GCC_WARN_UNUSED_VARIABLE = YES;
				IPHONEOS_DEPLOYMENT_TARGET = 15.2;
				MTL_ENABLE_DEBUG_INFO = NO;
				MTL_FAST_MATH = YES;
				SDKROOT = iphoneos;
				SWIFT_COMPILATION_MODE = wholemodule;
				SWIFT_OPTIMIZATION_LEVEL = "-O";
				VALIDATE_PRODUCT = YES;
			};
			name = Release;
		};
		524DF0E327B8DFF2009B05A6 /* Debug */ = {
			isa = XCBuildConfiguration;
			buildSettings = {
				ASSETCATALOG_COMPILER_APPICON_NAME = AppIcon;
				ASSETCATALOG_COMPILER_GLOBAL_ACCENT_COLOR_NAME = AccentColor;
				CODE_SIGN_STYLE = Automatic;
				CURRENT_PROJECT_VERSION = 1;
				DEVELOPMENT_ASSET_PATHS = "\"Learn_swift/Preview Content\"";
				DEVELOPMENT_TEAM = BNX5T36C73;
				ENABLE_PREVIEWS = YES;
				GENERATE_INFOPLIST_FILE = YES;
				INFOPLIST_KEY_UIApplicationSceneManifest_Generation = YES;
				INFOPLIST_KEY_UIApplicationSupportsIndirectInputEvents = YES;
				INFOPLIST_KEY_UILaunchScreen_Generation = YES;
				INFOPLIST_KEY_UISupportedInterfaceOrientations_iPad = "UIInterfaceOrientationPortrait UIInterfaceOrientationPortraitUpsideDown UIInterfaceOrientationLandscapeLeft UIInterfaceOrientationLandscapeRight";
				INFOPLIST_KEY_UISupportedInterfaceOrientations_iPhone = "UIInterfaceOrientationPortrait UIInterfaceOrientationLandscapeLeft UIInterfaceOrientationLandscapeRight";
				LD_RUNPATH_SEARCH_PATHS = (
					"$(inherited)",
					"@executable_path/Frameworks",
				);
				MARKETING_VERSION = 1.0;
				PRODUCT_BUNDLE_IDENTIFIER = "com.simios.Learn-swift";
				PRODUCT_NAME = "$(TARGET_NAME)";
				SWIFT_EMIT_LOC_STRINGS = YES;
				SWIFT_VERSION = 5.0;
				TARGETED_DEVICE_FAMILY = "1,2";
			};
			name = Debug;
		};
		524DF0E427B8DFF2009B05A6 /* Release */ = {
			isa = XCBuildConfiguration;
			buildSettings = {
				ASSETCATALOG_COMPILER_APPICON_NAME = AppIcon;
				ASSETCATALOG_COMPILER_GLOBAL_ACCENT_COLOR_NAME = AccentColor;
				CODE_SIGN_STYLE = Automatic;
				CURRENT_PROJECT_VERSION = 1;
				DEVELOPMENT_ASSET_PATHS = "\"Learn_swift/Preview Content\"";
				DEVELOPMENT_TEAM = BNX5T36C73;
				ENABLE_PREVIEWS = YES;
				GENERATE_INFOPLIST_FILE = YES;
				INFOPLIST_KEY_UIApplicationSceneManifest_Generation = YES;
				INFOPLIST_KEY_UIApplicationSupportsIndirectInputEvents = YES;
				INFOPLIST_KEY_UILaunchScreen_Generation = YES;
				INFOPLIST_KEY_UISupportedInterfaceOrientations_iPad = "UIInterfaceOrientationPortrait UIInterfaceOrientationPortraitUpsideDown UIInterfaceOrientationLandscapeLeft UIInterfaceOrientationLandscapeRight";
				INFOPLIST_KEY_UISupportedInterfaceOrientations_iPhone = "UIInterfaceOrientationPortrait UIInterfaceOrientationLandscapeLeft UIInterfaceOrientationLandscapeRight";
				LD_RUNPATH_SEARCH_PATHS = (
					"$(inherited)",
					"@executable_path/Frameworks",
				);
				MARKETING_VERSION = 1.0;
				PRODUCT_BUNDLE_IDENTIFIER = "com.simios.Learn-swift";
				PRODUCT_NAME = "$(TARGET_NAME)";
				SWIFT_EMIT_LOC_STRINGS = YES;
				SWIFT_VERSION = 5.0;
				TARGETED_DEVICE_FAMILY = "1,2";
			};
			name = Release;
		};
		524DF0E627B8DFF2009B05A6 /* Debug */ = {
			isa = XCBuildConfiguration;
			buildSettings = {
				ALWAYS_EMBED_SWIFT_STANDARD_LIBRARIES = YES;
				BUNDLE_LOADER = "$(TEST_HOST)";
				CODE_SIGN_STYLE = Automatic;
				CURRENT_PROJECT_VERSION = 1;
				GENERATE_INFOPLIST_FILE = YES;
				IPHONEOS_DEPLOYMENT_TARGET = 15.2;
				MARKETING_VERSION = 1.0;
				PRODUCT_BUNDLE_IDENTIFIER = "com.simios.Learn-swiftTests";
				PRODUCT_NAME = "$(TARGET_NAME)";
				SWIFT_EMIT_LOC_STRINGS = NO;
				SWIFT_VERSION = 5.0;
				TARGETED_DEVICE_FAMILY = "1,2";
				TEST_HOST = "$(BUILT_PRODUCTS_DIR)/Learn_swift.app/Learn_swift";
			};
			name = Debug;
		};
		524DF0E727B8DFF2009B05A6 /* Release */ = {
			isa = XCBuildConfiguration;
			buildSettings = {
				ALWAYS_EMBED_SWIFT_STANDARD_LIBRARIES = YES;
				BUNDLE_LOADER = "$(TEST_HOST)";
				CODE_SIGN_STYLE = Automatic;
				CURRENT_PROJECT_VERSION = 1;
				GENERATE_INFOPLIST_FILE = YES;
				IPHONEOS_DEPLOYMENT_TARGET = 15.2;
				MARKETING_VERSION = 1.0;
				PRODUCT_BUNDLE_IDENTIFIER = "com.simios.Learn-swiftTests";
				PRODUCT_NAME = "$(TARGET_NAME)";
				SWIFT_EMIT_LOC_STRINGS = NO;
				SWIFT_VERSION = 5.0;
				TARGETED_DEVICE_FAMILY = "1,2";
				TEST_HOST = "$(BUILT_PRODUCTS_DIR)/Learn_swift.app/Learn_swift";
			};
			name = Release;
		};
		524DF0E927B8DFF2009B05A6 /* Debug */ = {
			isa = XCBuildConfiguration;
			buildSettings = {
				ALWAYS_EMBED_SWIFT_STANDARD_LIBRARIES = YES;
				CODE_SIGN_STYLE = Automatic;
				CURRENT_PROJECT_VERSION = 1;
				GENERATE_INFOPLIST_FILE = YES;
				MARKETING_VERSION = 1.0;
				PRODUCT_BUNDLE_IDENTIFIER = "com.simios.Learn-swiftUITests";
				PRODUCT_NAME = "$(TARGET_NAME)";
				SWIFT_EMIT_LOC_STRINGS = NO;
				SWIFT_VERSION = 5.0;
				TARGETED_DEVICE_FAMILY = "1,2";
				TEST_TARGET_NAME = Learn_swift;
			};
			name = Debug;
		};
		524DF0EA27B8DFF2009B05A6 /* Release */ = {
			isa = XCBuildConfiguration;
			buildSettings = {
				ALWAYS_EMBED_SWIFT_STANDARD_LIBRARIES = YES;
				CODE_SIGN_STYLE = Automatic;
				CURRENT_PROJECT_VERSION = 1;
				GENERATE_INFOPLIST_FILE = YES;
				MARKETING_VERSION = 1.0;
				PRODUCT_BUNDLE_IDENTIFIER = "com.simios.Learn-swiftUITests";
				PRODUCT_NAME = "$(TARGET_NAME)";
				SWIFT_EMIT_LOC_STRINGS = NO;
				SWIFT_VERSION = 5.0;
				TARGETED_DEVICE_FAMILY = "1,2";
				TEST_TARGET_NAME = Learn_swift;
			};
			name = Release;
		};
/* End XCBuildConfiguration section */

/* Begin XCConfigurationList section */
		524DF0B927B8DFEF009B05A6 /* Build configuration list for PBXProject "Learn_swift" */ = {
			isa = XCConfigurationList;
			buildConfigurations = (
				524DF0E027B8DFF2009B05A6 /* Debug */,
				524DF0E127B8DFF2009B05A6 /* Release */,
			);
			defaultConfigurationIsVisible = 0;
			defaultConfigurationName = Release;
		};
		524DF0E227B8DFF2009B05A6 /* Build configuration list for PBXNativeTarget "Learn_swift" */ = {
			isa = XCConfigurationList;
			buildConfigurations = (
				524DF0E327B8DFF2009B05A6 /* Debug */,
				524DF0E427B8DFF2009B05A6 /* Release */,
			);
			defaultConfigurationIsVisible = 0;
			defaultConfigurationName = Release;
		};
		524DF0E527B8DFF2009B05A6 /* Build configuration list for PBXNativeTarget "Learn_swiftTests" */ = {
			isa = XCConfigurationList;
			buildConfigurations = (
				524DF0E627B8DFF2009B05A6 /* Debug */,
				524DF0E727B8DFF2009B05A6 /* Release */,
			);
			defaultConfigurationIsVisible = 0;
			defaultConfigurationName = Release;
		};
		524DF0E827B8DFF2009B05A6 /* Build configuration list for PBXNativeTarget "Learn_swiftUITests" */ = {
			isa = XCConfigurationList;
			buildConfigurations = (
				524DF0E927B8DFF2009B05A6 /* Debug */,
				524DF0EA27B8DFF2009B05A6 /* Release */,
			);
			defaultConfigurationIsVisible = 0;
			defaultConfigurationName = Release;
		};
/* End XCConfigurationList section */
	};
	rootObject = 524DF0B627B8DFEF009B05A6 /* Project object */;
}
